
Microsoft Visual Studio Solution File, Format Version 12.00
# Visual Studio Version 16
VisualStudioVersion = 16.0.31624.102
MinimumVisualStudioVersion = 10.0.40219.1
Project("{FAE04EC0-301F-11D3-BF4B-00C04F79EFBC}") = "Screensaver", "Screensaver\Screensaver.csproj", "{9C275B96-52DE-449F-BEE7-AB7DAD76C3C8}"
EndProject
Global
	GlobalSection(SolutionConfigurationPlatforms) = preSolution
		Debug|Any CPU = Debug|Any CPU
		Release|Any CPU = Release|Any CPU
	EndGlobalSection
	GlobalSection(ProjectConfigurationPlatforms) = postSolution
		{9C275B96-52DE-449F-BEE7-AB7DAD76C3C8}.Debug|Any CPU.ActiveCfg = Debug|Any CPU
		{9C275B96-52DE-449F-BEE7-AB7DAD76C3C8}.Debug|Any CPU.Build.0 = Debug|Any CPU
		{9C275B96-52DE-449F-BEE7-AB7DAD76C3C8}.Release|Any CPU.ActiveCfg = Release|Any CPU
		{9C275B96-52DE-449F-BEE7-AB7DAD76C3C8}.Release|Any CPU.Build.0 = Release|Any CPU
	EndGlobalSection
	GlobalSection(SolutionProperties) = preSolution
		HideSolutionNode = FALSE
	EndGlobalSection
	GlobalSection(ExtensibilityGlobals) = postSolution
		SolutionGuid = {349EC246-8E84-4F3C-97DC-44623BB91429}
	EndGlobalSection
EndGlobal
